
Microsoft Visual Studio Solution File, Format Version 12.00
# Visual Studio Version 17
VisualStudioVersion = 17.7.34221.43
MinimumVisualStudioVersion = 10.0.40219.1
Project("{FAE04EC0-301F-11D3-BF4B-00C04F79EFBC}") = "Wordle", "Wordle\Wordle.csproj", "{B5896535-C603-4B18-AB54-F28D7AAC3699}"
EndProject
Global
	GlobalSection(SolutionConfigurationPlatforms) = preSolution
		Debug|Any CPU = Debug|Any CPU
		Release|Any CPU = Release|Any CPU
	EndGlobalSection
	GlobalSection(ProjectConfigurationPlatforms) = postSolution
		{B5896535-C603-4B18-AB54-F28D7AAC3699}.Debug|Any CPU.ActiveCfg = Debug|Any CPU
		{B5896535-C603-4B18-AB54-F28D7AAC3699}.Debug|Any CPU.Build.0 = Debug|Any CPU
		{B5896535-C603-4B18-AB54-F28D7AAC3699}.Debug|Any CPU.Deploy.0 = Debug|Any CPU
		{B5896535-C603-4B18-AB54-F28D7AAC3699}.Release|Any CPU.ActiveCfg = Release|Any CPU
		{B5896535-C603-4B18-AB54-F28D7AAC3699}.Release|Any CPU.Build.0 = Release|Any CPU
		{B5896535-C603-4B18-AB54-F28D7AAC3699}.Release|Any CPU.Deploy.0 = Release|Any CPU
	EndGlobalSection
	GlobalSection(SolutionProperties) = preSolution
		HideSolutionNode = FALSE
	EndGlobalSection
	GlobalSection(ExtensibilityGlobals) = postSolution
		SolutionGuid = {7AF8735E-7DDA-42AF-9CE0-19FD5455A289}
	EndGlobalSection
EndGlobal
